lockfileVersion: 5.3

specifiers:
  '@presta/adapter-netlify': ^0.2.3
  '@presta/html': ^0.1.4
  esbuild: ^0.13.13
  hyposcript: ^1.0.4
  micromark: ^3.0.5
  presta: ^0.40.7
  prettier: ^2.4.0

dependencies:
  '@presta/html': 0.1.4
  hyposcript: 1.0.4
  micromark: 3.0.5

devDependencies:
  '@presta/adapter-netlify': 0.2.3
  esbuild: 0.13.13
  presta: 0.40.7
  prettier: 2.4.0

packages:

  /@netlify/functions/0.7.2:
    resolution: {integrity: sha512-xf45ZqQukMxmlkqNMC5BXdFMaVZ8VqF42MV5zA5nKVOh2V0mhYlcbTYlVbS/K2/rtvQ3W8lxxixYl4NT7kq6Bg==}
    engines: {node: '>=8.3.0'}
    dependencies:
      is-promise: 4.0.0
    dev: true

  /@polka/url/1.0.0-next.21:
    resolution: {integrity: sha512-a5Sab1C4/icpTZVzZc5Ghpz88yQtGOyNqYXcZgOssB2uuAr+wF/MvN6bgtW32q7HHrvBki+BsZ0OuNv6EV3K9g==}
    dev: true

  /@presta/adapter-netlify/0.2.3:
    resolution: {integrity: sha512-7P5M+vPUQ/yVKHMXoIx2tOtpe1xMWErxmqZBDX7JvvKLehK7MLjU/b1r0t4l8MSsgp5IuFMBxMugfpePQ3kOTQ==}
    dependencies:
      fs-extra: 10.0.0
      netlify-redirect-parser: 8.2.0
      presta: 0.40.7
      toml: 3.0.0
    transitivePeerDependencies:
      - supports-color
    dev: true

  /@presta/html/0.1.4:
    resolution: {integrity: sha512-pQI5SlANXQtD/Ga6aXzocCZFBMbhohlRSf+XLnwtnH7CKMQRA2hW8nPebFkm2DQGdonJWRCfd36+9+bW4Y6uMA==}
    dependencies:
      deepmerge: 4.2.2
    dev: false

  /@types/debug/4.1.7:
    resolution: {integrity: sha512-9AonUzyTjXXhEOa0DnqpzZi6VHlqKMswga9EXjpXnnqxwLtdvPPtlO8evrI5D9S6asFRCQ6v+wpiUKbw+vKqyg==}
    dependencies:
      '@types/ms': 0.7.31
    dev: false

  /@types/mime-types/2.1.1:
    resolution: {integrity: sha512-vXOTGVSLR2jMw440moWTC7H19iUyLtP3Z1YTj7cSsubOICinjMxFeb/V57v9QdyyPGbbWolUFSSmSiRSn94tFw==}
    dev: true

  /@types/ms/0.7.31:
    resolution: {integrity: sha512-iiUgKzV9AuaEkZqkOLDIvlQiL6ltuZd9tGcW3gwpnX8JbuiuhFlEGmmFXEXkN50Cvq7Os88IY2v0dkDqXYWVgA==}
    dev: false

  /anymatch/3.1.2:
    resolution: {integrity: sha512-P43ePfOAIupkguHUycrc4qJ9kz8ZiuOUijaETwX7THt0Y/GNK7v0aa8rY816xWjZ7rJdA5XdMcpVFTKMq+RvWg==}
    engines: {node: '>= 8'}
    dependencies:
      normalize-path: 3.0.0
      picomatch: 2.3.0
    dev: true

  /async-limiter/1.0.1:
    resolution: {integrity: sha512-csOlWGAcRFJaI6m+F2WKdnMKr4HhdhFVBk0H/QbJFMCr+uO2kwohwXQPxw/9OCxp05r5ghVBFSyioixx3gfkNQ==}
    dev: true

  /at-least-node/1.0.0:
    resolution: {integrity: sha512-+q/t7Ekv1EDY2l6Gda6LLiX14rU9TV20Wa3ofeQmwPFZbOMo9DXrLbOjFaaclkXKWidIaopwAObQDqwWtGUjqg==}
    engines: {node: '>= 4.0.0'}
    dev: true

  /binary-extensions/2.2.0:
    resolution: {integrity: sha512-jDctJ/IVQbZoJykoeHbhXpOlNBqGNcwXJKJog42E5HDPUwQTSdjCHdihjj0DlnheQ7blbT6dHOafNAiS8ooQKA==}
    engines: {node: '>=8'}
    dev: true

  /braces/3.0.2:
    resolution: {integrity: sha512-b8um+L1RzM3WDSzvhm6gIz1yfTbBt6YTlcEKAvsmqCZZFw46z626lVj9j1yEPW33H5H+lBQpZMP1k8l+78Ha0A==}
    engines: {node: '>=8'}
    dependencies:
      fill-range: 7.0.1
    dev: true

  /bytes/3.1.0:
    resolution: {integrity: sha512-zauLjrfCG+xvoyaqLoV8bLVXXNGC4JqlxFCutSDWA6fJrTo2ZuvLYTqZ7aHBLZSMOopbzwv8f+wZcVzfVTI2Dg==}
    engines: {node: '>= 0.8'}
    dev: true

  /character-entities-legacy/2.0.0:
    resolution: {integrity: sha512-YwaEtEvWLpFa6Wh3uVLrvirA/ahr9fki/NUd/Bd4OR6EdJ8D22hovYQEOUCBfQfcqnC4IAMGMsHXY1eXgL4ZZA==}
    dev: false

  /character-entities/2.0.0:
    resolution: {integrity: sha512-oHqMj3eAuJ77/P5PaIRcqk+C3hdfNwyCD2DAUcD5gyXkegAuF2USC40CEqPscDk4I8FRGMTojGJQkXDsN5QlJA==}
    dev: false

  /character-reference-invalid/2.0.0:
    resolution: {integrity: sha512-pE3Z15lLRxDzWJy7bBHBopRwfI20sbrMVLQTC7xsPglCHf4Wv1e167OgYAFP78co2XlhojDyAqA+IAJse27//g==}
    dev: false

  /chokidar/3.5.2:
    resolution: {integrity: sha512-ekGhOnNVPgT77r4K/U3GDhu+FQ2S8TnK/s2KbIGXi0SZWuwkZ2QNyfWdZW+TVfn84DpEP7rLeCt2UI6bJ8GwbQ==}
    engines: {node: '>= 8.10.0'}
    dependencies:
      anymatch: 3.1.2
      braces: 3.0.2
      glob-parent: 5.1.2
      is-binary-path: 2.1.0
      is-glob: 4.0.3
      normalize-path: 3.0.0
      readdirp: 3.6.0
    optionalDependencies:
      fsevents: 2.3.2
    dev: true

  /debounce/1.2.1:
    resolution: {integrity: sha512-XRRe6Glud4rd/ZGQfiV1ruXSfbvfJedlV9Y6zOlP+2K04vBYiJEte6stfFkCP03aMnY5tsipamumUjL14fofug==}
    dev: true

  /debug/4.3.2:
    resolution: {integrity: sha512-mOp8wKcvj7XxC78zLgw/ZA+6TSgkoE2C/ienthhRD298T7UNwAg9diBpLRxC0mOezLl4B0xV7M0cCO6P/O0Xhw==}
    engines: {node: '>=6.0'}
    peerDependencies:
      supports-color: '*'
    peerDependenciesMeta:
      supports-color:
        optional: true
    dependencies:
      ms: 2.1.2

  /decode-uri-component/0.2.0:
    resolution: {integrity: sha1-6zkTMzRYd1y4TNGh+uBiEGu4dUU=}
    engines: {node: '>=0.10'}
    dev: true

  /deepmerge/4.2.2:
    resolution: {integrity: sha512-FJ3UgI4gIl+PHZm53knsuSFpE+nESMr7M4v9QcgB7S63Kj/6WqMiFQJpBBYz1Pt+66bZpP3Q7Lye0Oo9MPKEdg==}
    engines: {node: '>=0.10.0'}

  /depd/1.1.2:
    resolution: {integrity: sha1-m81S4UwJd2PnSbJ0xDRu0uVgtak=}
    engines: {node: '>= 0.6'}
    dev: true

  /es-module-lexer/0.4.1:
    resolution: {integrity: sha512-ooYciCUtfw6/d2w56UVeqHPcoCFAiJdz5XOkYpv/Txl1HMUozpXjz/2RIQgqwKdXNDPSF1W7mJCFse3G+HDyAA==}
    dev: true

  /esbuild-android-arm64/0.13.13:
    resolution: {integrity: sha512-T02aneWWguJrF082jZworjU6vm8f4UQ+IH2K3HREtlqoY9voiJUwHLRL6khRlsNLzVglqgqb7a3HfGx7hAADCQ==}
    cpu: [arm64]
    os: [android]
    requiresBuild: true
    dev: true
    optional: true

  /esbuild-darwin-64/0.13.13:
    resolution: {integrity: sha512-wkaiGAsN/09X9kDlkxFfbbIgR78SNjMOfUhoel3CqKBDsi9uZhw7HBNHNxTzYUK8X8LAKFpbODgcRB3b/I8gHA==}
    cpu: [x64]
    os: [darwin]
    requiresBuild: true
    dev: true
    optional: true

  /esbuild-darwin-arm64/0.13.13:
    resolution: {integrity: sha512-b02/nNKGSV85Gw9pUCI5B48AYjk0vFggDeom0S6QMP/cEDtjSh1WVfoIFNAaLA0MHWfue8KBwoGVsN7rBshs4g==}
    cpu: [arm64]
    os: [darwin]
    requiresBuild: true
    dev: true
    optional: true

  /esbuild-freebsd-64/0.13.13:
    resolution: {integrity: sha512-ALgXYNYDzk9YPVk80A+G4vz2D22Gv4j4y25exDBGgqTcwrVQP8rf/rjwUjHoh9apP76oLbUZTmUmvCMuTI1V9A==}
    cpu: [x64]
    os: [freebsd]
    requiresBuild: true
    dev: true
    optional: true

  /esbuild-freebsd-arm64/0.13.13:
    resolution: {integrity: sha512-uFvkCpsZ1yqWQuonw5T1WZ4j59xP/PCvtu6I4pbLejhNo4nwjW6YalqnBvBSORq5/Ifo9S/wsIlVHzkzEwdtlw==}
    cpu: [arm64]
    os: [freebsd]
    requiresBuild: true
    dev: true
    optional: true

  /esbuild-linux-32/0.13.13:
    resolution: {integrity: sha512-yxR9BBwEPs9acVEwTrEE2JJNHYVuPQC9YGjRfbNqtyfK/vVBQYuw8JaeRFAvFs3pVJdQD0C2BNP4q9d62SCP4w==}
    cpu: [ia32]
    os: [linux]
    requiresBuild: true
    dev: true
    optional: true

  /esbuild-linux-64/0.13.13:
    resolution: {integrity: sha512-kzhjlrlJ+6ESRB/n12WTGll94+y+HFeyoWsOrLo/Si0s0f+Vip4b8vlnG0GSiS6JTsWYAtGHReGczFOaETlKIw==}
    cpu: [x64]
    os: [linux]
    requiresBuild: true
    dev: true
    optional: true

  /esbuild-linux-arm/0.13.13:
    resolution: {integrity: sha512-hXub4pcEds+U1TfvLp1maJ+GHRw7oizvzbGRdUvVDwtITtjq8qpHV5Q5hWNNn6Q+b3b2UxF03JcgnpzCw96nUQ==}
    cpu: [arm]
    os: [linux]
    requiresBuild: true
    dev: true
    optional: true

  /esbuild-linux-arm64/0.13.13:
    resolution: {integrity: sha512-KMrEfnVbmmJxT3vfTnPv/AiXpBFbbyExH13BsUGy1HZRPFMi5Gev5gk8kJIZCQSRfNR17aqq8sO5Crm2KpZkng==}
    cpu: [arm64]
    os: [linux]
    requiresBuild: true
    dev: true
    optional: true

  /esbuild-linux-mips64le/0.13.13:
    resolution: {integrity: sha512-cJT9O1LYljqnnqlHaS0hdG73t7hHzF3zcN0BPsjvBq+5Ad47VJun+/IG4inPhk8ta0aEDK6LdP+F9299xa483w==}
    cpu: [mips64el]
    os: [linux]
    requiresBuild: true
    dev: true
    optional: true

  /esbuild-linux-ppc64le/0.13.13:
    resolution: {integrity: sha512-+rghW8st6/7O6QJqAjVK3eXzKkZqYAw6LgHv7yTMiJ6ASnNvghSeOcIvXFep3W2oaJc35SgSPf21Ugh0o777qQ==}
    cpu: [ppc64]
    os: [linux]
    requiresBuild: true
    dev: true
    optional: true

  /esbuild-netbsd-64/0.13.13:
    resolution: {integrity: sha512-A/B7rwmzPdzF8c3mht5TukbnNwY5qMJqes09ou0RSzA5/jm7Jwl/8z853ofujTFOLhkNHUf002EAgokzSgEMpQ==}
    cpu: [x64]
    os: [netbsd]
    requiresBuild: true
    dev: true
    optional: true

  /esbuild-openbsd-64/0.13.13:
    resolution: {integrity: sha512-szwtuRA4rXKT3BbwoGpsff6G7nGxdKgUbW9LQo6nm0TVCCjDNDC/LXxT994duIW8Tyq04xZzzZSW7x7ttDiw1w==}
    cpu: [x64]
    os: [openbsd]
    requiresBuild: true
    dev: true
    optional: true

  /esbuild-register/2.6.0:
    resolution: {integrity: sha512-2u4AtnCXP5nivtIxZryiZOUcEQkOzFS7UhAqibUEmaTAThJ48gDLYTBF/Fsz+5r0hbV1jrFE6PQvPDUrKZNt/Q==}
    dependencies:
      esbuild: 0.12.29
      jsonc-parser: 3.0.0
    dev: true

  /esbuild-sunos-64/0.13.13:
    resolution: {integrity: sha512-ihyds9O48tVOYF48iaHYUK/boU5zRaLOXFS+OOL3ceD39AyHo46HVmsJLc7A2ez0AxNZCxuhu+P9OxfPfycTYQ==}
    cpu: [x64]
    os: [sunos]
    requiresBuild: true
    dev: true
    optional: true

  /esbuild-windows-32/0.13.13:
    resolution: {integrity: sha512-h2RTYwpG4ldGVJlbmORObmilzL8EECy8BFiF8trWE1ZPHLpECE9//J3Bi+W3eDUuv/TqUbiNpGrq4t/odbayUw==}
    cpu: [ia32]
    os: [win32]
    requiresBuild: true
    dev: true
    optional: true

  /esbuild-windows-64/0.13.13:
    resolution: {integrity: sha512-oMrgjP4CjONvDHe7IZXHrMk3wX5Lof/IwFEIbwbhgbXGBaN2dke9PkViTiXC3zGJSGpMvATXVplEhlInJ0drHA==}
    cpu: [x64]
    os: [win32]
    requiresBuild: true
    dev: true
    optional: true

  /esbuild-windows-arm64/0.13.13:
    resolution: {integrity: sha512-6fsDfTuTvltYB5k+QPah/x7LrI2+OLAJLE3bWLDiZI6E8wXMQU+wLqtEO/U/RvJgVY1loPs5eMpUBpVajczh1A==}
    cpu: [arm64]
    os: [win32]
    requiresBuild: true
    dev: true
    optional: true

  /esbuild/0.12.29:
    resolution: {integrity: sha512-w/XuoBCSwepyiZtIRsKsetiLDUVGPVw1E/R3VTFSecIy8UR7Cq3SOtwKHJMFoVqqVG36aGkzh4e8BvpO1Fdc7g==}
    hasBin: true
    requiresBuild: true
    dev: true

  /esbuild/0.13.13:
    resolution: {integrity: sha512-Z17A/R6D0b4s3MousytQ/5i7mTCbaF+Ua/yPfoe71vdTv4KBvVAvQ/6ytMngM2DwGJosl8WxaD75NOQl2QF26Q==}
    hasBin: true
    requiresBuild: true
    optionalDependencies:
      esbuild-android-arm64: 0.13.13
      esbuild-darwin-64: 0.13.13
      esbuild-darwin-arm64: 0.13.13
      esbuild-freebsd-64: 0.13.13
      esbuild-freebsd-arm64: 0.13.13
      esbuild-linux-32: 0.13.13
      esbuild-linux-64: 0.13.13
      esbuild-linux-arm: 0.13.13
      esbuild-linux-arm64: 0.13.13
      esbuild-linux-mips64le: 0.13.13
      esbuild-linux-ppc64le: 0.13.13
      esbuild-netbsd-64: 0.13.13
      esbuild-openbsd-64: 0.13.13
      esbuild-sunos-64: 0.13.13
      esbuild-windows-32: 0.13.13
      esbuild-windows-64: 0.13.13
      esbuild-windows-arm64: 0.13.13
    dev: true

  /filewatcher/3.0.1:
    resolution: {integrity: sha1-9KGVc1Xdr0Q8zXiolfPVXiPIoDQ=}
    dependencies:
      debounce: 1.2.1
    dev: true

  /fill-range/7.0.1:
    resolution: {integrity: sha512-qOo9F+dMUmC2Lcb4BbVvnKJxTPjCm+RRpe4gDuGrzkL7mEVl/djYSu2OdQ2Pa302N4oqkSg9ir6jaLWJ2USVpQ==}
    engines: {node: '>=8'}
    dependencies:
      to-regex-range: 5.0.1
    dev: true

  /filter-obj/1.1.0:
    resolution: {integrity: sha1-mzERErxsYSehbgFsbF1/GeCAXFs=}
    engines: {node: '>=0.10.0'}
    dev: true

  /filter-obj/2.0.2:
    resolution: {integrity: sha512-lO3ttPjHZRfjMcxWKb1j1eDhTFsu4meeR3lnMcnBFhk6RuLhvEiuALu2TlfL310ph4lCYYwgF/ElIjdP739tdg==}
    engines: {node: '>=8'}
    dev: true

  /fs-extra/10.0.0:
    resolution: {integrity: sha512-C5owb14u9eJwizKGdchcDUQeFtlSHHthBk8pbX9Vc1PFZrLombudjDnNns88aYslCyF6IY5SUw3Roz6xShcEIQ==}
    engines: {node: '>=12'}
    dependencies:
      graceful-fs: 4.2.8
      jsonfile: 6.1.0
      universalify: 2.0.0
    dev: true

  /fs-extra/9.1.0:
    resolution: {integrity: sha512-hcg3ZmepS30/7BSFqRvoo3DOMQu7IjqxO5nCDt+zM9XWjb33Wg7ziNT+Qvqbuc3+gWpzO02JubVyk2G4Zvo1OQ==}
    engines: {node: '>=10'}
    dependencies:
      at-least-node: 1.0.0
      graceful-fs: 4.2.8
      jsonfile: 6.1.0
      universalify: 2.0.0
    dev: true

  /fsevents/2.3.2:
    resolution: {integrity: sha512-xiqMQR4xAeHTuB9uWm+fFRcIOgKBMiOBP+eXiyT7jsgVCq1bkVygt00oASowB7EdtpOHaaPgKt812P9ab+DDKA==}
    engines: {node: ^8.16.0 || ^10.6.0 || >=11.0.0}
    os: [darwin]
    requiresBuild: true
    dev: true
    optional: true

  /get-port/5.1.1:
    resolution: {integrity: sha512-g/Q1aTSDOxFpchXC4i8ZWvxA1lnPqx/JHqcpIw0/LX9T8x/GBbi6YnlN5nhaKIFkT8oFsscUKgDJYxfwfS6QsQ==}
    engines: {node: '>=8'}
    dev: true

  /glob-parent/5.1.2:
    resolution: {integrity: sha512-AOIgSQCepiJYwP3ARnGx+5VnTu2HBYdzbGP45eLw1vr3zB3vZLeyed1sC9hnbcOc9/SrMyM5RPQrkGz4aS9Zow==}
    engines: {node: '>= 6'}
    dependencies:
      is-glob: 4.0.3
    dev: true

  /globalyzer/0.1.0:
    resolution: {integrity: sha512-40oNTM9UfG6aBmuKxk/giHn5nQ8RVz/SS4Ir6zgzOv9/qC3kKZ9v4etGTcJbEl/NyVQH7FGU7d+X1egr57Md2Q==}
    dev: true

  /globrex/0.1.2:
    resolution: {integrity: sha512-uHJgbwAMwNFf5mLst7IWLNg14x1CkeqglJb/K3doi4dw6q2IvAAmM/Y81kevy83wP+Sst+nutFTYOGg3d1lsxg==}
    dev: true

  /graceful-fs/4.2.8:
    resolution: {integrity: sha512-qkIilPUYcNhJpd33n0GBXTB1MMPp14TxEsEs0pTrsSVucApsYzW5V+Q8Qxhik6KU3evy+qkAAowTByymK0avdg==}
    dev: true

  /http-errors/1.7.3:
    resolution: {integrity: sha512-ZTTX0MWrsQ2ZAhA1cejAwDLycFsd7I7nVtnkT3Ol0aqodaKW+0CTZDQ1uBv5whptCnc8e8HeRRJxRs0kmm/Qfw==}
    engines: {node: '>= 0.6'}
    dependencies:
      depd: 1.1.2
      inherits: 2.0.4
      setprototypeof: 1.1.1
      statuses: 1.5.0
      toidentifier: 1.0.0
    dev: true

  /hyposcript/1.0.4:
    resolution: {integrity: sha512-1ToXCJ6c3l3MI2rXWGWBR29bjwm1rE4UbmhNzubB1Gd0jJpIa6CFMj7zCEUtDSAxhHFtnbZ8H4/4c2UKEWl+oA==}
    dev: false

  /iconv-lite/0.4.24:
    resolution: {integrity: sha512-v3MXnZAcvnywkTUEZomIActle7RXXeedOR31wwl7VlyoXO4Qi9arvSenNQWne1TcRwhCL1HwLI21bEqdpj8/rA==}
    engines: {node: '>=0.10.0'}
    dependencies:
      safer-buffer: 2.1.2
    dev: true

  /inherits/2.0.4:
    resolution: {integrity: sha512-k/vGaX4/Yla3WzyMCvTQOXYeIHvqOKtnqBduzTHpzpQZzAskKMhZ2K+EnBiSM9zGSoIFeMpXKxa4dYeZIQqewQ==}
    dev: true

  /is-alphabetical/2.0.0:
    resolution: {integrity: sha512-5OV8Toyq3oh4eq6sbWTYzlGdnMT/DPI5I0zxUBxjiigQsZycpkKF3kskkao3JyYGuYDHvhgJF+DrjMQp9SX86w==}
    dev: false

  /is-alphanumerical/2.0.0:
    resolution: {integrity: sha512-t+2GlJ+hO9yagJ+jU3+HSh80VKvz/3cG2cxbGGm4S0hjKuhWQXgPVUVOZz3tqZzMjhmphZ+1TIJTlRZRoe6GCQ==}
    dependencies:
      is-alphabetical: 2.0.0
      is-decimal: 2.0.0
    dev: false

  /is-binary-path/2.1.0:
    resolution: {integrity: sha512-ZMERYes6pDydyuGidse7OsHxtbI7WVeUEozgR/g7rd0xUimYNlvZRE/K2MgZTjWy725IfelLeVcEM97mmtRGXw==}
    engines: {node: '>=8'}
    dependencies:
      binary-extensions: 2.2.0
    dev: true

  /is-decimal/2.0.0:
    resolution: {integrity: sha512-QfrfjQV0LjoWQ1K1XSoEZkTAzSa14RKVMa5zg3SdAfzEmQzRM4+tbSFWb78creCeA9rNBzaZal92opi1TwPWZw==}
    dev: false

  /is-extglob/2.1.1:
    resolution: {integrity: sha1-qIwCU1eR8C7TfHahueqXc8gz+MI=}
    engines: {node: '>=0.10.0'}
    dev: true

  /is-glob/4.0.3:
    resolution: {integrity: sha512-xelSayHH36ZgE7ZWhli7pW34hNbNl8Ojv5KVmkJD4hBdD3th8Tfk9vYasLM+mXWOZhFkgZfxhLSnrwRr4elSSg==}
    engines: {node: '>=0.10.0'}
    dependencies:
      is-extglob: 2.1.1
    dev: true

  /is-hexadecimal/2.0.0:
    resolution: {integrity: sha512-vGOtYkiaxwIiR0+Ng/zNId+ZZehGfINwTzdrDqc6iubbnQWhnPuYymOzOKUDqa2cSl59yHnEh2h6MvRLQsyNug==}
    dev: false

  /is-number/7.0.0:
    resolution: {integrity: sha512-41Cifkg6e8TylSpdtTpeLVMqvSBEVzTttHvERD741+pnZ8ANv0004MRL43QKPDlK9cGvNp6NZWZUBlbGXYxxng==}
    engines: {node: '>=0.12.0'}
    dev: true

  /is-plain-obj/2.1.0:
    resolution: {integrity: sha512-YWnfyRwxL/+SsrWYfOpUtz5b3YD+nyfkHvjbcanzk8zgyO4ASD67uVMRt8k5bM4lLMDnXfriRhOpemw+NfT1eA==}
    engines: {node: '>=8'}
    dev: true

  /is-promise/4.0.0:
    resolution: {integrity: sha512-hvpoI6korhJMnej285dSg6nu1+e6uxs7zG3BYAm5byqDsgJNWwxzM6z6iZiAgQR4TJ30JmBTOwqZUw3WlyH3AQ==}
    dev: true

  /jsonc-parser/3.0.0:
    resolution: {integrity: sha512-fQzRfAbIBnR0IQvftw9FJveWiHp72Fg20giDrHz6TdfB12UH/uue0D3hm57UB5KgAVuniLMCaS8P1IMj9NR7cA==}
    dev: true

  /jsonfile/6.1.0:
    resolution: {integrity: sha512-5dgndWOriYSm5cnYaJNhalLNDKOqFwyDB/rr1E9ZsGciGvKPs8R2xYGCacuf3z6K1YKDz182fd+fY3cn3pMqXQ==}
    dependencies:
      universalify: 2.0.0
    optionalDependencies:
      graceful-fs: 4.2.8
    dev: true

  /kleur/4.1.4:
    resolution: {integrity: sha512-8QADVssbrFjivHWQU7KkMgptGTl6WAcSdlbBPY4uNF+mWr6DGcKrvY2w4FQJoXch7+fKMjj0dRrL75vk3k23OA==}
    engines: {node: '>=6'}
    dev: true

  /micromark-core-commonmark/1.0.1:
    resolution: {integrity: sha512-vEOw8hcQ3nwHkKKNIyP9wBi8M50zjNajtmI+cCUWcVfJS+v5/3WCh4PLKf7PPRZFUutjzl4ZjlHwBWUKfb/SkA==}
    dependencies:
      micromark-factory-destination: 1.0.0
      micromark-factory-label: 1.0.0
      micromark-factory-space: 1.0.0
      micromark-factory-title: 1.0.0
      micromark-factory-whitespace: 1.0.0
      micromark-util-character: 1.1.0
      micromark-util-chunked: 1.0.0
      micromark-util-classify-character: 1.0.0
      micromark-util-html-tag-name: 1.0.0
      micromark-util-normalize-identifier: 1.0.0
      micromark-util-resolve-all: 1.0.0
      micromark-util-subtokenize: 1.0.0
      micromark-util-symbol: 1.0.0
      micromark-util-types: 1.0.1
      parse-entities: 3.0.0
    dev: false

  /micromark-factory-destination/1.0.0:
    resolution: {integrity: sha512-eUBA7Rs1/xtTVun9TmV3gjfPz2wEwgK5R5xcbIM5ZYAtvGF6JkyaDsj0agx8urXnO31tEO6Ug83iVH3tdedLnw==}
    dependencies:
      micromark-util-character: 1.1.0
      micromark-util-symbol: 1.0.0
      micromark-util-types: 1.0.1
    dev: false

  /micromark-factory-label/1.0.0:
    resolution: {integrity: sha512-XWEucVZb+qBCe2jmlOnWr6sWSY6NHx+wtpgYFsm4G+dufOf6tTQRRo0bdO7XSlGPu5fyjpJenth6Ksnc5Mwfww==}
    dependencies:
      micromark-util-character: 1.1.0
      micromark-util-symbol: 1.0.0
      micromark-util-types: 1.0.1
    dev: false

  /micromark-factory-space/1.0.0:
    resolution: {integrity: sha512-qUmqs4kj9a5yBnk3JMLyjtWYN6Mzfcx8uJfi5XAveBniDevmZasdGBba5b4QsvRcAkmvGo5ACmSUmyGiKTLZew==}
    dependencies:
      micromark-util-character: 1.1.0
      micromark-util-types: 1.0.1
    dev: false

  /micromark-factory-title/1.0.0:
    resolution: {integrity: sha512-flvC7Gx0dWVWorXuBl09Cr3wB5FTuYec8pMGVySIp2ZlqTcIjN/lFohZcP0EG//krTptm34kozHk7aK/CleCfA==}
    dependencies:
      micromark-factory-space: 1.0.0
      micromark-util-character: 1.1.0
      micromark-util-symbol: 1.0.0
      micromark-util-types: 1.0.1
    dev: false

  /micromark-factory-whitespace/1.0.0:
    resolution: {integrity: sha512-Qx7uEyahU1lt1RnsECBiuEbfr9INjQTGa6Err+gF3g0Tx4YEviPbqqGKNv/NrBaE7dVHdn1bVZKM/n5I/Bak7A==}
    dependencies:
      micromark-factory-space: 1.0.0
      micromark-util-character: 1.1.0
      micromark-util-symbol: 1.0.0
      micromark-util-types: 1.0.1
    dev: false

  /micromark-util-character/1.1.0:
    resolution: {integrity: sha512-agJ5B3unGNJ9rJvADMJ5ZiYjBRyDpzKAOk01Kpi1TKhlT1APx3XZk6eN7RtSz1erbWHC2L8T3xLZ81wdtGRZzg==}
    dependencies:
      micromark-util-symbol: 1.0.0
      micromark-util-types: 1.0.1
    dev: false

  /micromark-util-chunked/1.0.0:
    resolution: {integrity: sha512-5e8xTis5tEZKgesfbQMKRCyzvffRRUX+lK/y+DvsMFdabAicPkkZV6gO+FEWi9RfuKKoxxPwNL+dFF0SMImc1g==}
    dependencies:
      micromark-util-symbol: 1.0.0
    dev: false

  /micromark-util-classify-character/1.0.0:
    resolution: {integrity: sha512-F8oW2KKrQRb3vS5ud5HIqBVkCqQi224Nm55o5wYLzY/9PwHGXC01tr3d7+TqHHz6zrKQ72Okwtvm/xQm6OVNZA==}
    dependencies:
      micromark-util-character: 1.1.0
      micromark-util-symbol: 1.0.0
      micromark-util-types: 1.0.1
    dev: false

  /micromark-util-combine-extensions/1.0.0:
    resolution: {integrity: sha512-J8H058vFBdo/6+AsjHp2NF7AJ02SZtWaVUjsayNFeAiydTxUwViQPxN0Hf8dp4FmCQi0UUFovFsEyRSUmFH3MA==}
    dependencies:
      micromark-util-chunked: 1.0.0
      micromark-util-types: 1.0.1
    dev: false

  /micromark-util-decode-numeric-character-reference/1.0.0:
    resolution: {integrity: sha512-OzO9AI5VUtrTD7KSdagf4MWgHMtET17Ua1fIpXTpuhclCqD8egFWo85GxSGvxgkGS74bEahvtM0WP0HjvV0e4w==}
    dependencies:
      micromark-util-symbol: 1.0.0
    dev: false

  /micromark-util-encode/1.0.0:
    resolution: {integrity: sha512-cJpFVM768h6zkd8qJ1LNRrITfY4gwFt+tziPcIf71Ui8yFzY9wG3snZQqiWVq93PG4Sw6YOtcNiKJfVIs9qfGg==}
    dev: false

  /micromark-util-html-tag-name/1.0.0:
    resolution: {integrity: sha512-NenEKIshW2ZI/ERv9HtFNsrn3llSPZtY337LID/24WeLqMzeZhBEE6BQ0vS2ZBjshm5n40chKtJ3qjAbVV8S0g==}
    dev: false

  /micromark-util-normalize-identifier/1.0.0:
    resolution: {integrity: sha512-yg+zrL14bBTFrQ7n35CmByWUTFsgst5JhA4gJYoty4Dqzj4Z4Fr/DHekSS5aLfH9bdlfnSvKAWsAgJhIbogyBg==}
    dependencies:
      micromark-util-symbol: 1.0.0
    dev: false

  /micromark-util-resolve-all/1.0.0:
    resolution: {integrity: sha512-CB/AGk98u50k42kvgaMM94wzBqozSzDDaonKU7P7jwQIuH2RU0TeBqGYJz2WY1UdihhjweivStrJ2JdkdEmcfw==}
    dependencies:
      micromark-util-types: 1.0.1
    dev: false

  /micromark-util-sanitize-uri/1.0.0:
    resolution: {integrity: sha512-cCxvBKlmac4rxCGx6ejlIviRaMKZc0fWm5HdCHEeDWRSkn44l6NdYVRyU+0nT1XC72EQJMZV8IPHF+jTr56lAg==}
    dependencies:
      micromark-util-character: 1.1.0
      micromark-util-encode: 1.0.0
      micromark-util-symbol: 1.0.0
    dev: false

  /micromark-util-subtokenize/1.0.0:
    resolution: {integrity: sha512-EsnG2qscmcN5XhkqQBZni/4oQbLFjz9yk3ZM/P8a3YUjwV6+6On2wehr1ALx0MxK3+XXXLTzuBKHDFeDFYRdgQ==}
    dependencies:
      micromark-util-chunked: 1.0.0
      micromark-util-symbol: 1.0.0
      micromark-util-types: 1.0.1
    dev: false

  /micromark-util-symbol/1.0.0:
    resolution: {integrity: sha512-NZA01jHRNCt4KlOROn8/bGi6vvpEmlXld7EHcRH+aYWUfL3Wc8JLUNNlqUMKa0hhz6GrpUWsHtzPmKof57v0gQ==}
    dev: false

  /micromark-util-types/1.0.1:
    resolution: {integrity: sha512-UT0ylWEEy80RFYzK9pEaugTqaxoD/j0Y9WhHpSyitxd99zjoQz7JJ+iKuhPAgOW2MiPSUAx+c09dcqokeyaROA==}
    dev: false

  /micromark/3.0.5:
    resolution: {integrity: sha512-QfjERBnPw0G9mxhOCkkbRP0n8SX8lIBLrEKeEVceviUukqVMv3hWE4AgNTOK/W6GWqtPvvIHg2Apl3j1Dxm6aQ==}
    dependencies:
      '@types/debug': 4.1.7
      debug: 4.3.2
      micromark-core-commonmark: 1.0.1
      micromark-factory-space: 1.0.0
      micromark-util-character: 1.1.0
      micromark-util-chunked: 1.0.0
      micromark-util-combine-extensions: 1.0.0
      micromark-util-decode-numeric-character-reference: 1.0.0
      micromark-util-encode: 1.0.0
      micromark-util-normalize-identifier: 1.0.0
      micromark-util-resolve-all: 1.0.0
      micromark-util-sanitize-uri: 1.0.0
      micromark-util-subtokenize: 1.0.0
      micromark-util-symbol: 1.0.0
      micromark-util-types: 1.0.1
      parse-entities: 3.0.0
    transitivePeerDependencies:
      - supports-color
    dev: false

  /mime-db/1.51.0:
    resolution: {integrity: sha512-5y8A56jg7XVQx2mbv1lu49NR4dokRnhZYTtL+KGfaa27uq4pSTXkwQkFJl4pkRMyNFz/EtYDSkiiEHx3F7UN6g==}
    engines: {node: '>= 0.6'}
    dev: true

  /mime-types/2.1.34:
    resolution: {integrity: sha512-6cP692WwGIs9XXdOO4++N+7qjqv0rqxxVvJ3VHPh/Sc9mVZcQP+ZGhkKiTvWMQRr2tbHkJP/Yn7Y0npb3ZBs4A==}
    engines: {node: '>= 0.6'}
    dependencies:
      mime-db: 1.51.0
    dev: true

  /mime/2.6.0:
    resolution: {integrity: sha512-USPkMeET31rOMiarsBNIHZKLGgvKc/LrjofAnBlOttf5ajRvqiRA8QsenbcooctK6d6Ts6aqZXBA+XbkKthiQg==}
    engines: {node: '>=4.0.0'}
    hasBin: true
    dev: true

  /module-alias/2.2.2:
    resolution: {integrity: sha512-A/78XjoX2EmNvppVWEhM2oGk3x4lLxnkEA4jTbaK97QKSDjkIoOsKQlfylt/d3kKKi596Qy3NP5XrXJ6fZIC9Q==}
    dev: true

  /mri/1.2.0:
    resolution: {integrity: sha512-tzzskb3bG8LvYGFF/mDTpq3jpI6Q9wc3LEmBaghu+DdCssd1FakN7Bc0hVNmEyGq1bq3RgfkCb3cmQLpNPOroA==}
    engines: {node: '>=4'}
    dev: true

  /ms/2.1.2:
    resolution: {integrity: sha512-sGkPx+VjMtmA6MX27oA4FBFELFCZZ4S4XqeGOXCv68tT+jb3vk/RyaKWP0PTKyWtmLSM0b+adUTEvbs1PEaH2w==}

  /netlify-redirect-parser/8.2.0:
    resolution: {integrity: sha512-XaCojsgAKs19vlT2C4CEs4bp166bBsgA/brt10x2HLsgp4tF3dSacClPfZgGknyHB1MnMK8j3SFp9yq6rYm8CQ==}
    engines: {node: '>=8.17.0'}
    dependencies:
      filter-obj: 2.0.2
      is-plain-obj: 2.1.0
      path-exists: 4.0.0
      toml: 3.0.0
    dev: true

  /normalize-path/3.0.0:
    resolution: {integrity: sha512-6eZs5Ls3WtCisHWp9S2GUy8dqkpGi4BVSz3GaqiE6ezub0512ESztXUwUB6C6IKbQkY2Pnb/mD4WYojCRwcwLA==}
    engines: {node: '>=0.10.0'}
    dev: true

  /parse-entities/3.0.0:
    resolution: {integrity: sha512-AJlcIFDNPEP33KyJLguv0xJc83BNvjxwpuUIcetyXUsLpVXAUCePJ5kIoYtEN2R1ac0cYaRu/vk9dVFkewHQhQ==}
    dependencies:
      character-entities: 2.0.0
      character-entities-legacy: 2.0.0
      character-reference-invalid: 2.0.0
      is-alphanumerical: 2.0.0
      is-decimal: 2.0.0
      is-hexadecimal: 2.0.0
    dev: false

  /path-exists/4.0.0:
    resolution: {integrity: sha512-ak9Qy5Q7jYb2Wwcey5Fpvg2KoAc/ZIhLSLOSBmRmygPsGwkVVt0fZa0qrtMz+m6tJTAHfZQ8FnmB4MG4LWy7/w==}
    engines: {node: '>=8'}
    dev: true

  /picomatch/2.3.0:
    resolution: {integrity: sha512-lY1Q/PiJGC2zOv/z391WOTD+Z02bCgsFfvxoXXf6h7kv9o+WmsmzYqrAwY63sNgOxE4xEdq0WyUnXfKeBrSvYw==}
    engines: {node: '>=8.6'}
    dev: true

  /pocket.io/0.1.5:
    resolution: {integrity: sha512-LrGQvW1ETx5FSqq9GFMiy9a/SHDE1aVzg9s03bOJd88WAGrXSoJDtib3bvy9kvNC9xZ+x2ZRwPk7XzOHtHv8Uw==}
    dependencies:
      uuid: 3.4.0
      ws: 5.2.3
    dev: true

  /presta/0.40.7:
    resolution: {integrity: sha512-qH9nw4+eTDRqiiFyJcqgE/tDd8MV09WmbvssMrLwqFqOXOhlcRUNoxBhltVxiEoZFKgjReUKpg7FroMQdKLQeg==}
    hasBin: true
    dependencies:
      '@netlify/functions': 0.7.2
      '@types/mime-types': 2.1.1
      chokidar: 3.5.2
      deepmerge: 4.2.2
      esbuild: 0.12.29
      esbuild-register: 2.6.0
      filewatcher: 3.0.1
      fs-extra: 9.1.0
      get-port: 5.1.1
      kleur: 4.1.4
      mime-types: 2.1.34
      module-alias: 2.2.2
      ms: 2.1.2
      picomatch: 2.3.0
      pocket.io: 0.1.5
      query-string: 6.14.1
      raw-body: 2.4.1
      regexparam: 1.3.0
      route-sort: 1.0.0
      sade: 1.7.4
      sirv: 1.0.18
      tiny-glob: 0.2.9
      watch-dependency-graph: 2.6.1
    transitivePeerDependencies:
      - supports-color
    dev: true

  /prettier/2.4.0:
    resolution: {integrity: sha512-DsEPLY1dE5HF3BxCRBmD4uYZ+5DCbvatnolqTqcxEgKVZnL2kUfyu7b8pPQ5+hTBkdhU9SLUmK0/pHb07RE4WQ==}
    engines: {node: '>=10.13.0'}
    hasBin: true
    dev: true

  /query-string/6.14.1:
    resolution: {integrity: sha512-XDxAeVmpfu1/6IjyT/gXHOl+S0vQ9owggJ30hhWKdHAsNPOcasn5o9BW0eejZqL2e4vMjhAxoW3jVHcD6mbcYw==}
    engines: {node: '>=6'}
    dependencies:
      decode-uri-component: 0.2.0
      filter-obj: 1.1.0
      split-on-first: 1.1.0
      strict-uri-encode: 2.0.0
    dev: true

  /raw-body/2.4.1:
    resolution: {integrity: sha512-9WmIKF6mkvA0SLmA2Knm9+qj89e+j1zqgyn8aXGd7+nAduPoqgI9lO57SAZNn/Byzo5P7JhXTyg9PzaJbH73bA==}
    engines: {node: '>= 0.8'}
    dependencies:
      bytes: 3.1.0
      http-errors: 1.7.3
      iconv-lite: 0.4.24
      unpipe: 1.0.0
    dev: true

  /readdirp/3.6.0:
    resolution: {integrity: sha512-hOS089on8RduqdbhvQ5Z37A0ESjsqz6qnRcffsMU3495FuTdqSm+7bhJ29JvIOsBDEEnan5DPu9t3To9VRlMzA==}
    engines: {node: '>=8.10.0'}
    dependencies:
      picomatch: 2.3.0
    dev: true

  /regexparam/1.3.0:
    resolution: {integrity: sha512-6IQpFBv6e5vz1QAqI+V4k8P2e/3gRrqfCJ9FI+O1FLQTO+Uz6RXZEZOPmTJ6hlGj7gkERzY5BRCv09whKP96/g==}
    engines: {node: '>=6'}
    dev: true

  /route-sort/1.0.0:
    resolution: {integrity: sha512-SFgmvjoIhp5S4iBEDW3XnbT+7PRuZ55oRuNjY+CDB1SGZkyCG9bqQ3/dhaZTctTBYMAvDxd2Uy9dStuaUfgJqQ==}
    engines: {node: '>= 6'}
    dev: true

  /sade/1.7.4:
    resolution: {integrity: sha512-y5yauMD93rX840MwUJr7C1ysLFBgMspsdTo4UVrDg3fXDvtwOyIqykhVAAm6fk/3au77773itJStObgK+LKaiA==}
    engines: {node: '>= 6'}
    dependencies:
      mri: 1.2.0
    dev: true

  /safer-buffer/2.1.2:
    resolution: {integrity: sha512-YZo3K82SD7Riyi0E1EQPojLz7kpepnSQI9IyPbHHg1XXXevb5dJI7tpyN2ADxGcQbHG7vcyRHk0cbwqcQriUtg==}
    dev: true

  /setprototypeof/1.1.1:
    resolution: {integrity: sha512-JvdAWfbXeIGaZ9cILp38HntZSFSo3mWg6xGcJJsd+d4aRMOqauag1C63dJfDw7OaMYwEbHMOxEZ1lqVRYP2OAw==}
    dev: true

  /sirv/1.0.18:
    resolution: {integrity: sha512-f2AOPogZmXgJ9Ma2M22ZEhc1dNtRIzcEkiflMFeVTRq+OViOZMvH1IPMVOwrKaxpSaHioBJiDR0SluRqGa7atA==}
    engines: {node: '>= 10'}
    dependencies:
      '@polka/url': 1.0.0-next.21
      mime: 2.6.0
      totalist: 1.1.0
    dev: true

  /split-on-first/1.1.0:
    resolution: {integrity: sha512-43ZssAJaMusuKWL8sKUBQXHWOpq8d6CfN/u1p4gUzfJkM05C8rxTmYrkIPTXapZpORA6LkkzcUulJ8FqA7Uudw==}
    engines: {node: '>=6'}
    dev: true

  /statuses/1.5.0:
    resolution: {integrity: sha1-Fhx9rBd2Wf2YEfQ3cfqZOBR4Yow=}
    engines: {node: '>= 0.6'}
    dev: true

  /strict-uri-encode/2.0.0:
    resolution: {integrity: sha1-ucczDHBChi9rFC3CdLvMWGbONUY=}
    engines: {node: '>=4'}
    dev: true

  /strip-comments/2.0.1:
    resolution: {integrity: sha512-ZprKx+bBLXv067WTCALv8SSz5l2+XhpYCsVtSqlMnkAXMWDq+/ekVbl1ghqP9rUHTzv6sm/DwCOiYutU/yp1fw==}
    engines: {node: '>=10'}
    dev: true

  /tiny-glob/0.2.9:
    resolution: {integrity: sha512-g/55ssRPUjShh+xkfx9UPDXqhckHEsHr4Vd9zX55oSdGZc/MD0m3sferOkwWtp98bv+kcVfEHtRJgBVJzelrzg==}
    dependencies:
      globalyzer: 0.1.0
      globrex: 0.1.2
    dev: true

  /to-regex-range/5.0.1:
    resolution: {integrity: sha512-65P7iz6X5yEr1cwcgvQxbbIw7Uk3gOy5dIdtZ4rDveLqhrdJP+Li/Hx6tyK0NEb+2GCyneCMJiGqrADCSNk8sQ==}
    engines: {node: '>=8.0'}
    dependencies:
      is-number: 7.0.0
    dev: true

  /toidentifier/1.0.0:
    resolution: {integrity: sha512-yaOH/Pk/VEhBWWTlhI+qXxDFXlejDGcQipMlyxda9nthulaxLZUNcUqFxokp0vcYnvteJln5FNQDRrxj3YcbVw==}
    engines: {node: '>=0.6'}
    dev: true

  /toml/3.0.0:
    resolution: {integrity: sha512-y/mWCZinnvxjTKYhJ+pYxwD0mRLVvOtdS2Awbgxln6iEnt4rk0yBxeSBHkGJcPucRiG0e55mwWp+g/05rsrd6w==}
    dev: true

  /totalist/1.1.0:
    resolution: {integrity: sha512-gduQwd1rOdDMGxFG1gEvhV88Oirdo2p+KjoYFU7k2g+i7n6AFFbDQ5kMPUsW0pNbfQsB/cwXvT1i4Bue0s9g5g==}
    engines: {node: '>=6'}
    dev: true

  /universalify/2.0.0:
    resolution: {integrity: sha512-hAZsKq7Yy11Zu1DE0OzWjw7nnLZmJZYTDZZyEFHZdUhV8FkH5MCfoU1XMaxXovpyW5nq5scPqq0ZDP9Zyl04oQ==}
    engines: {node: '>= 10.0.0'}
    dev: true

  /unpipe/1.0.0:
    resolution: {integrity: sha1-sr9O6FFKrmFltIF4KdIbLvSZBOw=}
    engines: {node: '>= 0.8'}
    dev: true

  /uuid/3.4.0:
    resolution: {integrity: sha512-HjSDRw6gZE5JMggctHBcjVak08+KEVhSIiDzFnT9S9aegmp85S/bReBVTb4QTFaRNptJ9kuYaNhnbNEOkbKb/A==}
    deprecated: Please upgrade  to version 7 or higher.  Older versions may use Math.random() in certain circumstances, which is known to be problematic.  See https://v8.dev/blog/math-random for details.
    hasBin: true
    dev: true

  /watch-dependency-graph/2.6.1:
    resolution: {integrity: sha512-oGt1ZixA75cfYVD8qQeoKmisA6/NUaAz2nHizEIMDLXy9oCToJ7fqUWM50fI1KkF9wfg45Cq6QAECO5h1HYgsQ==}
    dependencies:
      debug: 4.3.2
      es-module-lexer: 0.4.1
      filewatcher: 3.0.1
      strip-comments: 2.0.1
    transitivePeerDependencies:
      - supports-color
    dev: true

  /ws/5.2.3:
    resolution: {integrity: sha512-jZArVERrMsKUatIdnLzqvcfydI85dvd/Fp1u/VOpfdDWQ4c9qWXe+VIeAbQ5FrDwciAkr+lzofXLz3Kuf26AOA==}
    dependencies:
      async-limiter: 1.0.1
    dev: true
